
Microsoft Visual Studio Solution File, Format Version 12.00
# Visual Studio Version 17
VisualStudioVersion = 17.0.31521.260
MinimumVisualStudioVersion = 10.0.40219.1
Project("{FAE04EC0-301F-11D3-BF4B-00C04F79EFBC}") = "Yxl", "Yxl\Yxl.csproj", "{7A7C8118-3A23-4CC6-ACC1-925609B609B6}"
EndProject
Global
	GlobalSection(SolutionConfigurationPlatforms) = preSolution
		Debug|Any CPU = Debug|Any CPU
		Release|Any CPU = Release|Any CPU
	EndGlobalSection
	GlobalSection(ProjectConfigurationPlatforms) = postSolution
		{7A7C8118-3A23-4CC6-ACC1-925609B609B6}.Debug|Any CPU.ActiveCfg = Debug|Any CPU
		{7A7C8118-3A23-4CC6-ACC1-925609B609B6}.Debug|Any CPU.Build.0 = Debug|Any CPU
		{7A7C8118-3A23-4CC6-ACC1-925609B609B6}.Release|Any CPU.ActiveCfg = Release|Any CPU
		{7A7C8118-3A23-4CC6-ACC1-925609B609B6}.Release|Any CPU.Build.0 = Release|Any CPU
	EndGlobalSection
	GlobalSection(SolutionProperties) = preSolution
		HideSolutionNode = FALSE
	EndGlobalSection
	GlobalSection(ExtensibilityGlobals) = postSolution
		SolutionGuid = {57B04E25-5CBF-4B1C-A399-1FA60FBB83E7}
	EndGlobalSection
EndGlobal
